
Microsoft Visual Studio Solution File, Format Version 12.00
# Visual Studio Version 17
VisualStudioVersion = 17.14.36127.28
MinimumVisualStudioVersion = 10.0.40219.1
Project("{FAE04EC0-301F-11D3-BF4B-00C04F79EFBC}") = "Client", "Client\Client.csproj", "{282D3F21-3039-43AF-9561-0D192F1B8927}"
EndProject
Project("{FAE04EC0-301F-11D3-BF4B-00C04F79EFBC}") = "Services", "Services\Services.csproj", "{E57F7B0B-6101-4AA3-AFE9-52F45C5C3452}"
EndProject
Global
	GlobalSection(SolutionConfigurationPlatforms) = preSolution
		Debug|Any CPU = Debug|Any CPU
		Release|Any CPU = Release|Any CPU
	EndGlobalSection
	GlobalSection(ProjectConfigurationPlatforms) = postSolution
		{282D3F21-3039-43AF-9561-0D192F1B8927}.Debug|Any CPU.ActiveCfg = Debug|Any CPU
		{282D3F21-3039-43AF-9561-0D192F1B8927}.Debug|Any CPU.Build.0 = Debug|Any CPU
		{282D3F21-3039-43AF-9561-0D192F1B8927}.Release|Any CPU.ActiveCfg = Release|Any CPU
		{282D3F21-3039-43AF-9561-0D192F1B8927}.Release|Any CPU.Build.0 = Release|Any CPU
		{E57F7B0B-6101-4AA3-AFE9-52F45C5C3452}.Debug|Any CPU.ActiveCfg = Debug|Any CPU
		{E57F7B0B-6101-4AA3-AFE9-52F45C5C3452}.Debug|Any CPU.Build.0 = Debug|Any CPU
		{E57F7B0B-6101-4AA3-AFE9-52F45C5C3452}.Release|Any CPU.ActiveCfg = Release|Any CPU
		{E57F7B0B-6101-4AA3-AFE9-52F45C5C3452}.Release|Any CPU.Build.0 = Release|Any CPU
	EndGlobalSection
	GlobalSection(SolutionProperties) = preSolution
		HideSolutionNode = FALSE
	EndGlobalSection
	GlobalSection(ExtensibilityGlobals) = postSolution
		SolutionGuid = {4EAB468B-6307-49BF-9CC2-2B754182991D}
	EndGlobalSection
EndGlobal
